
Microsoft Visual Studio Solution File, Format Version 12.00
# Visual Studio Version 16
VisualStudioVersion = 16.0.30517.126
MinimumVisualStudioVersion = 10.0.40219.1
Project("{FAE04EC0-301F-11D3-BF4B-00C04F79EFBC}") = "CourseStreamSelection", "CourseStreamSelection\CourseStreamSelection.csproj", "{F197BC2F-8210-4D72-9644-7894DBA43D7E}"
EndProject
Project("{FAE04EC0-301F-11D3-BF4B-00C04F79EFBC}") = "CourseStreamSelection.Tests", "CourseStreamSelection.Tests\CourseStreamSelection.Tests.csproj", "{D818212B-0D8E-4856-8FE3-EF4070C77E94}"
EndProject
Global
	GlobalSection(SolutionConfigurationPlatforms) = preSolution
		Debug|Any CPU = Debug|Any CPU
		Release|Any CPU = Release|Any CPU
	EndGlobalSection
	GlobalSection(ProjectConfigurationPlatforms) = postSolution
		{F197BC2F-8210-4D72-9644-7894DBA43D7E}.Debug|Any CPU.ActiveCfg = Debug|Any CPU
		{F197BC2F-8210-4D72-9644-7894DBA43D7E}.Debug|Any CPU.Build.0 = Debug|Any CPU
		{F197BC2F-8210-4D72-9644-7894DBA43D7E}.Release|Any CPU.ActiveCfg = Release|Any CPU
		{F197BC2F-8210-4D72-9644-7894DBA43D7E}.Release|Any CPU.Build.0 = Release|Any CPU
		{D818212B-0D8E-4856-8FE3-EF4070C77E94}.Debug|Any CPU.ActiveCfg = Debug|Any CPU
		{D818212B-0D8E-4856-8FE3-EF4070C77E94}.Debug|Any CPU.Build.0 = Debug|Any CPU
		{D818212B-0D8E-4856-8FE3-EF4070C77E94}.Release|Any CPU.ActiveCfg = Release|Any CPU
		{D818212B-0D8E-4856-8FE3-EF4070C77E94}.Release|Any CPU.Build.0 = Release|Any CPU
	EndGlobalSection
	GlobalSection(SolutionProperties) = preSolution
		HideSolutionNode = FALSE
	EndGlobalSection
	GlobalSection(ExtensibilityGlobals) = postSolution
		SolutionGuid = {14183E37-8845-45CB-B274-64FD6EBB746E}
	EndGlobalSection
EndGlobal
